
Microsoft Visual Studio Solution File, Format Version 12.00
# Visual Studio Version 17
VisualStudioVersion = 17.11.35327.3
MinimumVisualStudioVersion = 10.0.40219.1
Project("{8BC9CEB8-8B4A-11D0-8D11-00A0C91BC942}") = "Messaging", "Messaging.vcxproj", "{6CDAA8F2-0846-4707-A0B7-060E42DA5769}"
	ProjectSection(ProjectDependencies) = postProject
		{92DC130E-D51D-4CFB-84F6-1FA6940E3B19} = {92DC130E-D51D-4CFB-84F6-1FA6940E3B19}
	EndProjectSection
EndProject
Project("{8BC9CEB8-8B4A-11D0-8D11-00A0C91BC942}") = "MessagingTest00", "MessagingTest00\MessagingTest00.vcxproj", "{64711FD3-2F39-4F60-B9BD-75E942676B39}"
EndProject
Project("{8BC9CEB8-8B4A-11D0-8D11-00A0C91BC942}") = "MessagingTest05", "MessagingTest05\MessagingTest05.vcxproj", "{EABA218F-F7DF-4A6E-99AC-B2E7D39734F7}"
EndProject
Project("{8BC9CEB8-8B4A-11D0-8D11-00A0C91BC942}") = "MessagingTest01", "MessagingTest01\MessagingTest01.vcxproj", "{647157BA-B429-4C21-8AB5-E3136C4B7E28}"
EndProject
Project("{8BC9CEB8-8B4A-11D0-8D11-00A0C91BC942}") = "MessagingTest02", "MessagingTest02\MessagingTest02.vcxproj", "{54BB345B-7E26-442F-AE13-FFDBC4C60F76}"
EndProject
Project("{8BC9CEB8-8B4A-11D0-8D11-00A0C91BC942}") = "MessagingTest03", "MessagingTest03\MessagingTest03.vcxproj", "{E4F579C8-2C0E-4A3F-A0F2-C32ED4D5F82A}"
	ProjectSection(ProjectDependencies) = postProject
		{92DC130E-D51D-4CFB-84F6-1FA6940E3B19} = {92DC130E-D51D-4CFB-84F6-1FA6940E3B19}
	EndProjectSection
EndProject
Project("{8BC9CEB8-8B4A-11D0-8D11-00A0C91BC942}") = "MessagingTest06", "MessagingTest06\MessagingTest06.vcxproj", "{CF89F38D-EE21-40E1-B02D-68845424C917}"
EndProject
Project("{8BC9CEB8-8B4A-11D0-8D11-00A0C91BC942}") = "MessagingTest07", "MessagingTest07\MessagingTest07.vcxproj", "{26AEE44B-F492-4A1A-B526-EB5512145284}"
EndProject
Project("{8BC9CEB8-8B4A-11D0-8D11-00A0C91BC942}") = "MessagingTest09", "MessagingTest09\MessagingTest09.vcxproj", "{CB146C2F-5BC7-4B84-AA9F-6AC6FB561A47}"
EndProject
Project("{8BC9CEB8-8B4A-11D0-8D11-00A0C91BC942}") = "MessagingTest10", "MessagingTest10\MessagingTest10.vcxproj", "{0145BB9C-3C33-4BE3-99FF-E2DA30CF8F5C}"
EndProject
Project("{8BC9CEB8-8B4A-11D0-8D11-00A0C91BC942}") = "MessagingTest11", "MessagingTest11\MessagingTest11.vcxproj", "{EEA5C518-161F-4C13-A207-35B606733E4F}"
EndProject
Project("{8BC9CEB8-8B4A-11D0-8D11-00A0C91BC942}") = "MessagingTest12", "MessagingTest12\MessagingTest12.vcxproj", "{F5FAC437-DD4A-4B21-8FF5-DBEA8885EC33}"
EndProject
Project("{8BC9CEB8-8B4A-11D0-8D11-00A0C91BC942}") = "MessagingTest13", "MessagingTest13\MessagingTest13.vcxproj", "{E6024BCD-79B1-47D9-9342-6FF0E9701DAC}"
EndProject
Project("{8BC9CEB8-8B4A-11D0-8D11-00A0C91BC942}") = "MessagingTest14", "MessagingTest14\MessagingTest14.vcxproj", "{EECA5DAC-AF89-47F8-A583-EE30B8491921}"
EndProject
Project("{8BC9CEB8-8B4A-11D0-8D11-00A0C91BC942}") = "MessagingTest15", "MessagingTest15\MessagingTest15.vcxproj", "{D9AE814E-2228-4477-A57A-D2AF27904F98}"
EndProject
Project("{8BC9CEB8-8B4A-11D0-8D11-00A0C91BC942}") = "MessagingTest16", "MessagingTest16\MessagingTest16.vcxproj", "{2A135ACF-2F40-4EA0-AF1F-B0B6B65CBC85}"
EndProject
Project("{8BC9CEB8-8B4A-11D0-8D11-00A0C91BC942}") = "MessagingTest17", "MessagingTest17\MessagingTest17.vcxproj", "{BD07A75F-BA79-4838-92B9-A55D62EBE061}"
EndProject
Project("{8BC9CEB8-8B4A-11D0-8D11-00A0C91BC942}") = "MessagingTest18", "MessagingTest18\MessagingTest18.vcxproj", "{A0AB2E7A-919D-49E0-A08C-BB1DBF9CD926}"
EndProject
Project("{8BC9CEB8-8B4A-11D0-8D11-00A0C91BC942}") = "MessagingTest19", "MessagingTest19\MessagingTest19.vcxproj", "{2F70474E-D227-47B3-AD88-FC74C6252D0B}"
EndProject
Project("{8BC9CEB8-8B4A-11D0-8D11-00A0C91BC942}") = "MessagingTest20", "MessagingTest20\MessagingTest20.vcxproj", "{FE689FBF-285F-4A50-9076-9014292C8E79}"
EndProject
Project("{8BC9CEB8-8B4A-11D0-8D11-00A0C91BC942}") = "MessagingTest21", "MessagingTest21\MessagingTest21.vcxproj", "{6C7ADFC6-DD92-47BA-B304-EC4DDCB6D8F1}"
EndProject
Project("{8BC9CEB8-8B4A-11D0-8D11-00A0C91BC942}") = "MessagingTest22", "MessagingTest22\MessagingTest22.vcxproj", "{C49CB1A7-6AC7-4EFD-9F87-6D3E1FF430AE}"
EndProject
Project("{8BC9CEB8-8B4A-11D0-8D11-00A0C91BC942}") = "MessagingTest23", "MessagingTest23\MessagingTest23.vcxproj", "{3EE4A41A-DEAD-4115-A614-5DC256DA3A7E}"
EndProject
Project("{8BC9CEB8-8B4A-11D0-8D11-00A0C91BC942}") = "MessagingTest24", "MessagingTest24\MessagingTest24.vcxproj", "{F7DB29EA-C822-445C-8366-AD282855C6D5}"
EndProject
Project("{8BC9CEB8-8B4A-11D0-8D11-00A0C91BC942}") = "MessagingTest25", "MessagingTest25\MessagingTest25.vcxproj", "{260D2234-402A-4AA0-9D4B-022CE53D9F9B}"
EndProject
Project("{8BC9CEB8-8B4A-11D0-8D11-00A0C91BC942}") = "MessagingTest26", "MessagingTest26\MessagingTest26.vcxproj", "{E8E02296-591C-4ADE-81C7-7A0C3583D265}"
EndProject
Project("{8BC9CEB8-8B4A-11D0-8D11-00A0C91BC942}") = "MessagingTest27", "MessagingTest27\MessagingTest27.vcxproj", "{F5C9924A-7DA4-4E3F-9426-8B1E81AA7FA1}"
EndProject
Project("{8BC9CEB8-8B4A-11D0-8D11-00A0C91BC942}") = "MessagingTest28", "MessagingTest28\MessagingTest28.vcxproj", "{F97F28B6-4BE8-4509-AF47-2F8B85B755CE}"
EndProject
Project("{8BC9CEB8-8B4A-11D0-8D11-00A0C91BC942}") = "MessagingTest29", "MessagingTest29\MessagingTest29.vcxproj", "{948D7FBE-A1CB-4562-B23C-98195AC28463}"
EndProject
Project("{8BC9CEB8-8B4A-11D0-8D11-00A0C91BC942}") = "MessagingTest30", "MessagingTest30\MessagingTest30.vcxproj", "{CFA41C9D-11DE-4755-A14B-38657ECF46A4}"
EndProject
Project("{8BC9CEB8-8B4A-11D0-8D11-00A0C91BC942}") = "MessagingTest31", "MessagingTest31\MessagingTest31.vcxproj", "{16539613-EE67-4711-B800-CBEA429C49C0}"
EndProject
Project("{8BC9CEB8-8B4A-11D0-8D11-00A0C91BC942}") = "MessagingTest32", "MessagingTest32\MessagingTest32.vcxproj", "{75D750F8-CADA-44F3-B975-96E0F6E185CA}"
EndProject
Project("{8BC9CEB8-8B4A-11D0-8D11-00A0C91BC942}") = "MessagingTest33", "MessagingTest33\MessagingTest33.vcxproj", "{BA711C3D-2BA1-4419-9909-EC9D8D9B852C}"
EndProject
Project("{8BC9CEB8-8B4A-11D0-8D11-00A0C91BC942}") = "MessagingTest34", "MessagingTest34\MessagingTest34.vcxproj", "{A91BD7C2-9234-4330-8E95-C333A7D78555}"
EndProject
Project("{8BC9CEB8-8B4A-11D0-8D11-00A0C91BC942}") = "MessagingTest35", "MessagingTest35\MessagingTest35.vcxproj", "{AB6287E6-9C94-428D-8A08-76E8E0C326F8}"
EndProject
Project("{8BC9CEB8-8B4A-11D0-8D11-00A0C91BC942}") = "THREADSTestCommon", "THREADSTestCommon\THREADSTestCommon.vcxproj", "{92DC130E-D51D-4CFB-84F6-1FA6940E3B19}"
EndProject
Project("{8BC9CEB8-8B4A-11D0-8D11-00A0C91BC942}") = "MessagingTest04", "MessagingTest04\MessagingTest04.vcxproj", "{8A0C8A5B-C494-456F-8F7C-A8A2E6DD4654}"
EndProject
Project("{8BC9CEB8-8B4A-11D0-8D11-00A0C91BC942}") = "MessagingTest08", "MessagingTest08\MessagingTest08.vcxproj", "{020D8637-D967-4503-AF94-3D6340BA81C5}"
EndProject
Global
	GlobalSection(SolutionConfigurationPlatforms) = preSolution
		Debug|ARM64 = Debug|ARM64
		Debug|x64 = Debug|x64
		Debug|x86 = Debug|x86
		Release|ARM64 = Release|ARM64
		Release|x64 = Release|x64
		Release|x86 = Release|x86
	EndGlobalSection
	GlobalSection(ProjectConfigurationPlatforms) = postSolution
		{6CDAA8F2-0846-4707-A0B7-060E42DA5769}.Debug|ARM64.ActiveCfg = Debug|ARM64
		{6CDAA8F2-0846-4707-A0B7-060E42DA5769}.Debug|ARM64.Build.0 = Debug|ARM64
		{6CDAA8F2-0846-4707-A0B7-060E42DA5769}.Debug|x64.ActiveCfg = Debug|x64
		{6CDAA8F2-0846-4707-A0B7-060E42DA5769}.Debug|x64.Build.0 = Debug|x64
		{6CDAA8F2-0846-4707-A0B7-060E42DA5769}.Debug|x86.ActiveCfg = Debug|Win32
		{6CDAA8F2-0846-4707-A0B7-060E42DA5769}.Debug|x86.Build.0 = Debug|Win32
		{6CDAA8F2-0846-4707-A0B7-060E42DA5769}.Release|ARM64.ActiveCfg = Release|ARM64
		{6CDAA8F2-0846-4707-A0B7-060E42DA5769}.Release|ARM64.Build.0 = Release|ARM64
		{6CDAA8F2-0846-4707-A0B7-060E42DA5769}.Release|x64.ActiveCfg = Release|x64
		{6CDAA8F2-0846-4707-A0B7-060E42DA5769}.Release|x64.Build.0 = Release|x64
		{6CDAA8F2-0846-4707-A0B7-060E42DA5769}.Release|x86.ActiveCfg = Release|Win32
		{6CDAA8F2-0846-4707-A0B7-060E42DA5769}.Release|x86.Build.0 = Release|Win32
		{64711FD3-2F39-4F60-B9BD-75E942676B39}.Debug|ARM64.ActiveCfg = Debug|ARM64
		{64711FD3-2F39-4F60-B9BD-75E942676B39}.Debug|ARM64.Build.0 = Debug|ARM64
		{64711FD3-2F39-4F60-B9BD-75E942676B39}.Debug|x64.ActiveCfg = Debug|x64
		{64711FD3-2F39-4F60-B9BD-75E942676B39}.Debug|x64.Build.0 = Debug|x64
		{64711FD3-2F39-4F60-B9BD-75E942676B39}.Debug|x86.ActiveCfg = Debug|Win32
		{64711FD3-2F39-4F60-B9BD-75E942676B39}.Debug|x86.Build.0 = Debug|Win32
		{64711FD3-2F39-4F60-B9BD-75E942676B39}.Release|ARM64.ActiveCfg = Release|ARM64
		{64711FD3-2F39-4F60-B9BD-75E942676B39}.Release|ARM64.Build.0 = Release|ARM64
		{64711FD3-2F39-4F60-B9BD-75E942676B39}.Release|x64.ActiveCfg = Release|x64
		{64711FD3-2F39-4F60-B9BD-75E942676B39}.Release|x64.Build.0 = Release|x64
		{64711FD3-2F39-4F60-B9BD-75E942676B39}.Release|x86.ActiveCfg = Release|Win32
		{64711FD3-2F39-4F60-B9BD-75E942676B39}.Release|x86.Build.0 = Release|Win32
		{EABA218F-F7DF-4A6E-99AC-B2E7D39734F7}.Debug|ARM64.ActiveCfg = Debug|ARM64
		{EABA218F-F7DF-4A6E-99AC-B2E7D39734F7}.Debug|ARM64.Build.0 = Debug|ARM64
		{EABA218F-F7DF-4A6E-99AC-B2E7D39734F7}.Debug|x64.ActiveCfg = Debug|x64
		{EABA218F-F7DF-4A6E-99AC-B2E7D39734F7}.Debug|x64.Build.0 = Debug|x64
		{EABA218F-F7DF-4A6E-99AC-B2E7D39734F7}.Debug|x86.ActiveCfg = Debug|Win32
		{EABA218F-F7DF-4A6E-99AC-B2E7D39734F7}.Debug|x86.Build.0 = Debug|Win32
		{EABA218F-F7DF-4A6E-99AC-B2E7D39734F7}.Release|ARM64.ActiveCfg = Release|ARM64
		{EABA218F-F7DF-4A6E-99AC-B2E7D39734F7}.Release|ARM64.Build.0 = Release|ARM64
		{EABA218F-F7DF-4A6E-99AC-B2E7D39734F7}.Release|x64.ActiveCfg = Release|x64
		{EABA218F-F7DF-4A6E-99AC-B2E7D39734F7}.Release|x64.Build.0 = Release|x64
		{EABA218F-F7DF-4A6E-99AC-B2E7D39734F7}.Release|x86.ActiveCfg = Release|Win32
		{EABA218F-F7DF-4A6E-99AC-B2E7D39734F7}.Release|x86.Build.0 = Release|Win32
		{647157BA-B429-4C21-8AB5-E3136C4B7E28}.Debug|ARM64.ActiveCfg = Debug|ARM64
		{647157BA-B429-4C21-8AB5-E3136C4B7E28}.Debug|ARM64.Build.0 = Debug|ARM64
		{647157BA-B429-4C21-8AB5-E3136C4B7E28}.Debug|x64.ActiveCfg = Debug|x64
		{647157BA-B429-4C21-8AB5-E3136C4B7E28}.Debug|x64.Build.0 = Debug|x64
		{647157BA-B429-4C21-8AB5-E3136C4B7E28}.Debug|x86.ActiveCfg = Debug|Win32
		{647157BA-B429-4C21-8AB5-E3136C4B7E28}.Debug|x86.Build.0 = Debug|Win32
		{647157BA-B429-4C21-8AB5-E3136C4B7E28}.Release|ARM64.ActiveCfg = Release|ARM64
		{647157BA-B429-4C21-8AB5-E3136C4B7E28}.Release|ARM64.Build.0 = Release|ARM64
		{647157BA-B429-4C21-8AB5-E3136C4B7E28}.Release|x64.ActiveCfg = Release|x64
		{647157BA-B429-4C21-8AB5-E3136C4B7E28}.Release|x64.Build.0 = Release|x64
		{647157BA-B429-4C21-8AB5-E3136C4B7E28}.Release|x86.ActiveCfg = Release|Win32
		{647157BA-B429-4C21-8AB5-E3136C4B7E28}.Release|x86.Build.0 = Release|Win32
		{54BB345B-7E26-442F-AE13-FFDBC4C60F76}.Debug|ARM64.ActiveCfg = Debug|ARM64
		{54BB345B-7E26-442F-AE13-FFDBC4C60F76}.Debug|ARM64.Build.0 = Debug|ARM64
		{54BB345B-7E26-442F-AE13-FFDBC4C60F76}.Debug|x64.ActiveCfg = Debug|x64
		{54BB345B-7E26-442F-AE13-FFDBC4C60F76}.Debug|x64.Build.0 = Debug|x64
		{54BB345B-7E26-442F-AE13-FFDBC4C60F76}.Debug|x86.ActiveCfg = Debug|Win32
		{54BB345B-7E26-442F-AE13-FFDBC4C60F76}.Debug|x86.Build.0 = Debug|Win32
		{54BB345B-7E26-442F-AE13-FFDBC4C60F76}.Release|ARM64.ActiveCfg = Release|ARM64
		{54BB345B-7E26-442F-AE13-FFDBC4C60F76}.Release|ARM64.Build.0 = Release|ARM64
		{54BB345B-7E26-442F-AE13-FFDBC4C60F76}.Release|x64.ActiveCfg = Release|x64
		{54BB345B-7E26-442F-AE13-FFDBC4C60F76}.Release|x64.Build.0 = Release|x64
		{54BB345B-7E26-442F-AE13-FFDBC4C60F76}.Release|x86.ActiveCfg = Release|Win32
		{54BB345B-7E26-442F-AE13-FFDBC4C60F76}.Release|x86.Build.0 = Release|Win32
		{E4F579C8-2C0E-4A3F-A0F2-C32ED4D5F82A}.Debug|ARM64.ActiveCfg = Debug|ARM64
		{E4F579C8-2C0E-4A3F-A0F2-C32ED4D5F82A}.Debug|ARM64.Build.0 = Debug|ARM64
		{E4F579C8-2C0E-4A3F-A0F2-C32ED4D5F82A}.Debug|x64.ActiveCfg = Debug|x64
		{E4F579C8-2C0E-4A3F-A0F2-C32ED4D5F82A}.Debug|x64.Build.0 = Debug|x64
		{E4F579C8-2C0E-4A3F-A0F2-C32ED4D5F82A}.Debug|x86.ActiveCfg = Debug|Win32
		{E4F579C8-2C0E-4A3F-A0F2-C32ED4D5F82A}.Debug|x86.Build.0 = Debug|Win32
		{E4F579C8-2C0E-4A3F-A0F2-C32ED4D5F82A}.Release|ARM64.ActiveCfg = Release|ARM64
		{E4F579C8-2C0E-4A3F-A0F2-C32ED4D5F82A}.Release|ARM64.Build.0 = Release|ARM64
		{E4F579C8-2C0E-4A3F-A0F2-C32ED4D5F82A}.Release|x64.ActiveCfg = Release|x64
		{E4F579C8-2C0E-4A3F-A0F2-C32ED4D5F82A}.Release|x64.Build.0 = Release|x64
		{E4F579C8-2C0E-4A3F-A0F2-C32ED4D5F82A}.Release|x86.ActiveCfg = Release|Win32
		{E4F579C8-2C0E-4A3F-A0F2-C32ED4D5F82A}.Release|x86.Build.0 = Release|Win32
		{CF89F38D-EE21-40E1-B02D-68845424C917}.Debug|ARM64.ActiveCfg = Debug|ARM64
		{CF89F38D-EE21-40E1-B02D-68845424C917}.Debug|ARM64.Build.0 = Debug|ARM64
		{CF89F38D-EE21-40E1-B02D-68845424C917}.Debug|x64.ActiveCfg = Debug|x64
		{CF89F38D-EE21-40E1-B02D-68845424C917}.Debug|x64.Build.0 = Debug|x64
		{CF89F38D-EE21-40E1-B02D-68845424C917}.Debug|x86.ActiveCfg = Debug|Win32
		{CF89F38D-EE21-40E1-B02D-68845424C917}.Debug|x86.Build.0 = Debug|Win32
		{CF89F38D-EE21-40E1-B02D-68845424C917}.Release|ARM64.ActiveCfg = Release|ARM64
		{CF89F38D-EE21-40E1-B02D-68845424C917}.Release|ARM64.Build.0 = Release|ARM64
		{CF89F38D-EE21-40E1-B02D-68845424C917}.Release|x64.ActiveCfg = Release|x64
		{CF89F38D-EE21-40E1-B02D-68845424C917}.Release|x64.Build.0 = Release|x64
		{CF89F38D-EE21-40E1-B02D-68845424C917}.Release|x86.ActiveCfg = Release|Win32
		{CF89F38D-EE21-40E1-B02D-68845424C917}.Release|x86.Build.0 = Release|Win32
		{26AEE44B-F492-4A1A-B526-EB5512145284}.Debug|ARM64.ActiveCfg = Debug|ARM64
		{26AEE44B-F492-4A1A-B526-EB5512145284}.Debug|ARM64.Build.0 = Debug|ARM64
		{26AEE44B-F492-4A1A-B526-EB5512145284}.Debug|x64.ActiveCfg = Debug|x64
		{26AEE44B-F492-4A1A-B526-EB5512145284}.Debug|x64.Build.0 = Debug|x64
		{26AEE44B-F492-4A1A-B526-EB5512145284}.Debug|x86.ActiveCfg = Debug|Win32
		{26AEE44B-F492-4A1A-B526-EB5512145284}.Debug|x86.Build.0 = Debug|Win32
		{26AEE44B-F492-4A1A-B526-EB5512145284}.Release|ARM64.ActiveCfg = Release|ARM64
		{26AEE44B-F492-4A1A-B526-EB5512145284}.Release|ARM64.Build.0 = Release|ARM64
		{26AEE44B-F492-4A1A-B526-EB5512145284}.Release|x64.ActiveCfg = Release|x64
		{26AEE44B-F492-4A1A-B526-EB5512145284}.Release|x64.Build.0 = Release|x64
		{26AEE44B-F492-4A1A-B526-EB5512145284}.Release|x86.ActiveCfg = Release|Win32
		{26AEE44B-F492-4A1A-B526-EB5512145284}.Release|x86.Build.0 = Release|Win32
		{CB146C2F-5BC7-4B84-AA9F-6AC6FB561A47}.Debug|ARM64.ActiveCfg = Debug|ARM64
		{CB146C2F-5BC7-4B84-AA9F-6AC6FB561A47}.Debug|ARM64.Build.0 = Debug|ARM64
		{CB146C2F-5BC7-4B84-AA9F-6AC6FB561A47}.Debug|x64.ActiveCfg = Debug|x64
		{CB146C2F-5BC7-4B84-AA9F-6AC6FB561A47}.Debug|x64.Build.0 = Debug|x64
		{CB146C2F-5BC7-4B84-AA9F-6AC6FB561A47}.Debug|x86.ActiveCfg = Debug|Win32
		{CB146C2F-5BC7-4B84-AA9F-6AC6FB561A47}.Debug|x86.Build.0 = Debug|Win32
		{CB146C2F-5BC7-4B84-AA9F-6AC6FB561A47}.Release|ARM64.ActiveCfg = Release|ARM64
		{CB146C2F-5BC7-4B84-AA9F-6AC6FB561A47}.Release|ARM64.Build.0 = Release|ARM64
		{CB146C2F-5BC7-4B84-AA9F-6AC6FB561A47}.Release|x64.ActiveCfg = Release|x64
		{CB146C2F-5BC7-4B84-AA9F-6AC6FB561A47}.Release|x64.Build.0 = Release|x64
		{CB146C2F-5BC7-4B84-AA9F-6AC6FB561A47}.Release|x86.ActiveCfg = Release|Win32
		{CB146C2F-5BC7-4B84-AA9F-6AC6FB561A47}.Release|x86.Build.0 = Release|Win32
		{0145BB9C-3C33-4BE3-99FF-E2DA30CF8F5C}.Debug|ARM64.ActiveCfg = Debug|ARM64
		{0145BB9C-3C33-4BE3-99FF-E2DA30CF8F5C}.Debug|ARM64.Build.0 = Debug|ARM64
		{0145BB9C-3C33-4BE3-99FF-E2DA30CF8F5C}.Debug|x64.ActiveCfg = Debug|x64
		{0145BB9C-3C33-4BE3-99FF-E2DA30CF8F5C}.Debug|x64.Build.0 = Debug|x64
		{0145BB9C-3C33-4BE3-99FF-E2DA30CF8F5C}.Debug|x86.ActiveCfg = Debug|Win32
		{0145BB9C-3C33-4BE3-99FF-E2DA30CF8F5C}.Debug|x86.Build.0 = Debug|Win32
		{0145BB9C-3C33-4BE3-99FF-E2DA30CF8F5C}.Release|ARM64.ActiveCfg = Release|ARM64
		{0145BB9C-3C33-4BE3-99FF-E2DA30CF8F5C}.Release|ARM64.Build.0 = Release|ARM64
		{0145BB9C-3C33-4BE3-99FF-E2DA30CF8F5C}.Release|x64.ActiveCfg = Release|x64
		{0145BB9C-3C33-4BE3-99FF-E2DA30CF8F5C}.Release|x64.Build.0 = Release|x64
		{0145BB9C-3C33-4BE3-99FF-E2DA30CF8F5C}.Release|x86.ActiveCfg = Release|Win32
		{0145BB9C-3C33-4BE3-99FF-E2DA30CF8F5C}.Release|x86.Build.0 = Release|Win32
		{EEA5C518-161F-4C13-A207-35B606733E4F}.Debug|ARM64.ActiveCfg = Debug|ARM64
		{EEA5C518-161F-4C13-A207-35B606733E4F}.Debug|ARM64.Build.0 = Debug|ARM64
		{EEA5C518-161F-4C13-A207-35B606733E4F}.Debug|x64.ActiveCfg = Debug|x64
		{EEA5C518-161F-4C13-A207-35B606733E4F}.Debug|x64.Build.0 = Debug|x64
		{EEA5C518-161F-4C13-A207-35B606733E4F}.Debug|x86.ActiveCfg = Debug|Win32
		{EEA5C518-161F-4C13-A207-35B606733E4F}.Debug|x86.Build.0 = Debug|Win32
		{EEA5C518-161F-4C13-A207-35B606733E4F}.Release|ARM64.ActiveCfg = Release|ARM64
		{EEA5C518-161F-4C13-A207-35B606733E4F}.Release|ARM64.Build.0 = Release|ARM64
		{EEA5C518-161F-4C13-A207-35B606733E4F}.Release|x64.ActiveCfg = Release|x64
		{EEA5C518-161F-4C13-A207-35B606733E4F}.Release|x64.Build.0 = Release|x64
		{EEA5C518-161F-4C13-A207-35B606733E4F}.Release|x86.ActiveCfg = Release|Win32
		{EEA5C518-161F-4C13-A207-35B606733E4F}.Release|x86.Build.0 = Release|Win32
		{F5FAC437-DD4A-4B21-8FF5-DBEA8885EC33}.Debug|ARM64.ActiveCfg = Debug|ARM64
		{F5FAC437-DD4A-4B21-8FF5-DBEA8885EC33}.Debug|ARM64.Build.0 = Debug|ARM64
		{F5FAC437-DD4A-4B21-8FF5-DBEA8885EC33}.Debug|x64.ActiveCfg = Debug|x64
		{F5FAC437-DD4A-4B21-8FF5-DBEA8885EC33}.Debug|x64.Build.0 = Debug|x64
		{F5FAC437-DD4A-4B21-8FF5-DBEA8885EC33}.Debug|x86.ActiveCfg = Debug|Win32
		{F5FAC437-DD4A-4B21-8FF5-DBEA8885EC33}.Debug|x86.Build.0 = Debug|Win32
		{F5FAC437-DD4A-4B21-8FF5-DBEA8885EC33}.Release|ARM64.ActiveCfg = Release|ARM64
		{F5FAC437-DD4A-4B21-8FF5-DBEA8885EC33}.Release|ARM64.Build.0 = Release|ARM64
		{F5FAC437-DD4A-4B21-8FF5-DBEA8885EC33}.Release|x64.ActiveCfg = Release|x64
		{F5FAC437-DD4A-4B21-8FF5-DBEA8885EC33}.Release|x64.Build.0 = Release|x64
		{F5FAC437-DD4A-4B21-8FF5-DBEA8885EC33}.Release|x86.ActiveCfg = Release|Win32
		{F5FAC437-DD4A-4B21-8FF5-DBEA8885EC33}.Release|x86.Build.0 = Release|Win32
		{E6024BCD-79B1-47D9-9342-6FF0E9701DAC}.Debug|ARM64.ActiveCfg = Debug|ARM64
		{E6024BCD-79B1-47D9-9342-6FF0E9701DAC}.Debug|ARM64.Build.0 = Debug|ARM64
		{E6024BCD-79B1-47D9-9342-6FF0E9701DAC}.Debug|x64.ActiveCfg = Debug|x64
		{E6024BCD-79B1-47D9-9342-6FF0E9701DAC}.Debug|x64.Build.0 = Debug|x64
		{E6024BCD-79B1-47D9-9342-6FF0E9701DAC}.Debug|x86.ActiveCfg = Debug|Win32
		{E6024BCD-79B1-47D9-9342-6FF0E9701DAC}.Debug|x86.Build.0 = Debug|Win32
		{E6024BCD-79B1-47D9-9342-6FF0E9701DAC}.Release|ARM64.ActiveCfg = Release|ARM64
		{E6024BCD-79B1-47D9-9342-6FF0E9701DAC}.Release|ARM64.Build.0 = Release|ARM64
		{E6024BCD-79B1-47D9-9342-6FF0E9701DAC}.Release|x64.ActiveCfg = Release|x64
		{E6024BCD-79B1-47D9-9342-6FF0E9701DAC}.Release|x64.Build.0 = Release|x64
		{E6024BCD-79B1-47D9-9342-6FF0E9701DAC}.Release|x86.ActiveCfg = Release|Win32
		{E6024BCD-79B1-47D9-9342-6FF0E9701DAC}.Release|x86.Build.0 = Release|Win32
		{EECA5DAC-AF89-47F8-A583-EE30B8491921}.Debug|ARM64.ActiveCfg = Debug|ARM64
		{EECA5DAC-AF89-47F8-A583-EE30B8491921}.Debug|ARM64.Build.0 = Debug|ARM64
		{EECA5DAC-AF89-47F8-A583-EE30B8491921}.Debug|x64.ActiveCfg = Debug|x64
		{EECA5DAC-AF89-47F8-A583-EE30B8491921}.Debug|x64.Build.0 = Debug|x64
		{EECA5DAC-AF89-47F8-A583-EE30B8491921}.Debug|x86.ActiveCfg = Debug|Win32
		{EECA5DAC-AF89-47F8-A583-EE30B8491921}.Debug|x86.Build.0 = Debug|Win32
		{EECA5DAC-AF89-47F8-A583-EE30B8491921}.Release|ARM64.ActiveCfg = Release|ARM64
		{EECA5DAC-AF89-47F8-A583-EE30B8491921}.Release|ARM64.Build.0 = Release|ARM64
		{EECA5DAC-AF89-47F8-A583-EE30B8491921}.Release|x64.ActiveCfg = Release|x64
		{EECA5DAC-AF89-47F8-A583-EE30B8491921}.Release|x64.Build.0 = Release|x64
		{EECA5DAC-AF89-47F8-A583-EE30B8491921}.Release|x86.ActiveCfg = Release|Win32
		{EECA5DAC-AF89-47F8-A583-EE30B8491921}.Release|x86.Build.0 = Release|Win32
		{D9AE814E-2228-4477-A57A-D2AF27904F98}.Debug|ARM64.ActiveCfg = Debug|ARM64
		{D9AE814E-2228-4477-A57A-D2AF27904F98}.Debug|ARM64.Build.0 = Debug|ARM64
		{D9AE814E-2228-4477-A57A-D2AF27904F98}.Debug|x64.ActiveCfg = Debug|x64
		{D9AE814E-2228-4477-A57A-D2AF27904F98}.Debug|x64.Build.0 = Debug|x64
		{D9AE814E-2228-4477-A57A-D2AF27904F98}.Debug|x86.ActiveCfg = Debug|Win32
		{D9AE814E-2228-4477-A57A-D2AF27904F98}.Debug|x86.Build.0 = Debug|Win32
		{D9AE814E-2228-4477-A57A-D2AF27904F98}.Release|ARM64.ActiveCfg = Release|ARM64
		{D9AE814E-2228-4477-A57A-D2AF27904F98}.Release|ARM64.Build.0 = Release|ARM64
		{D9AE814E-2228-4477-A57A-D2AF27904F98}.Release|x64.ActiveCfg = Release|x64
		{D9AE814E-2228-4477-A57A-D2AF27904F98}.Release|x64.Build.0 = Release|x64
		{D9AE814E-2228-4477-A57A-D2AF27904F98}.Release|x86.ActiveCfg = Release|Win32
		{D9AE814E-2228-4477-A57A-D2AF27904F98}.Release|x86.Build.0 = Release|Win32
		{2A135ACF-2F40-4EA0-AF1F-B0B6B65CBC85}.Debug|ARM64.ActiveCfg = Debug|ARM64
		{2A135ACF-2F40-4EA0-AF1F-B0B6B65CBC85}.Debug|ARM64.Build.0 = Debug|ARM64
		{2A135ACF-2F40-4EA0-AF1F-B0B6B65CBC85}.Debug|x64.ActiveCfg = Debug|x64
		{2A135ACF-2F40-4EA0-AF1F-B0B6B65CBC85}.Debug|x64.Build.0 = Debug|x64
		{2A135ACF-2F40-4EA0-AF1F-B0B6B65CBC85}.Debug|x86.ActiveCfg = Debug|Win32
		{2A135ACF-2F40-4EA0-AF1F-B0B6B65CBC85}.Debug|x86.Build.0 = Debug|Win32
		{2A135ACF-2F40-4EA0-AF1F-B0B6B65CBC85}.Release|ARM64.ActiveCfg = Release|ARM64
		{2A135ACF-2F40-4EA0-AF1F-B0B6B65CBC85}.Release|ARM64.Build.0 = Release|ARM64
		{2A135ACF-2F40-4EA0-AF1F-B0B6B65CBC85}.Release|x64.ActiveCfg = Release|x64
		{2A135ACF-2F40-4EA0-AF1F-B0B6B65CBC85}.Release|x64.Build.0 = Release|x64
		{2A135ACF-2F40-4EA0-AF1F-B0B6B65CBC85}.Release|x86.ActiveCfg = Release|Win32
		{2A135ACF-2F40-4EA0-AF1F-B0B6B65CBC85}.Release|x86.Build.0 = Release|Win32
		{BD07A75F-BA79-4838-92B9-A55D62EBE061}.Debug|ARM64.ActiveCfg = Debug|ARM64
		{BD07A75F-BA79-4838-92B9-A55D62EBE061}.Debug|ARM64.Build.0 = Debug|ARM64
		{BD07A75F-BA79-4838-92B9-A55D62EBE061}.Debug|x64.ActiveCfg = Debug|x64
		{BD07A75F-BA79-4838-92B9-A55D62EBE061}.Debug|x64.Build.0 = Debug|x64
		{BD07A75F-BA79-4838-92B9-A55D62EBE061}.Debug|x86.ActiveCfg = Debug|Win32
		{BD07A75F-BA79-4838-92B9-A55D62EBE061}.Debug|x86.Build.0 = Debug|Win32
		{BD07A75F-BA79-4838-92B9-A55D62EBE061}.Release|ARM64.ActiveCfg = Release|ARM64
		{BD07A75F-BA79-4838-92B9-A55D62EBE061}.Release|ARM64.Build.0 = Release|ARM64
		{BD07A75F-BA79-4838-92B9-A55D62EBE061}.Release|x64.ActiveCfg = Release|x64
		{BD07A75F-BA79-4838-92B9-A55D62EBE061}.Release|x64.Build.0 = Release|x64
		{BD07A75F-BA79-4838-92B9-A55D62EBE061}.Release|x86.ActiveCfg = Release|Win32
		{BD07A75F-BA79-4838-92B9-A55D62EBE061}.Release|x86.Build.0 = Release|Win32
		{A0AB2E7A-919D-49E0-A08C-BB1DBF9CD926}.Debug|ARM64.ActiveCfg = Debug|ARM64
		{A0AB2E7A-919D-49E0-A08C-BB1DBF9CD926}.Debug|ARM64.Build.0 = Debug|ARM64
		{A0AB2E7A-919D-49E0-A08C-BB1DBF9CD926}.Debug|x64.ActiveCfg = Debug|x64
		{A0AB2E7A-919D-49E0-A08C-BB1DBF9CD926}.Debug|x64.Build.0 = Debug|x64
		{A0AB2E7A-919D-49E0-A08C-BB1DBF9CD926}.Debug|x86.ActiveCfg = Debug|Win32
		{A0AB2E7A-919D-49E0-A08C-BB1DBF9CD926}.Debug|x86.Build.0 = Debug|Win32
		{A0AB2E7A-919D-49E0-A08C-BB1DBF9CD926}.Release|ARM64.ActiveCfg = Release|ARM64
		{A0AB2E7A-919D-49E0-A08C-BB1DBF9CD926}.Release|ARM64.Build.0 = Release|ARM64
		{A0AB2E7A-919D-49E0-A08C-BB1DBF9CD926}.Release|x64.ActiveCfg = Release|x64
		{A0AB2E7A-919D-49E0-A08C-BB1DBF9CD926}.Release|x64.Build.0 = Release|x64
		{A0AB2E7A-919D-49E0-A08C-BB1DBF9CD926}.Release|x86.ActiveCfg = Release|Win32
		{A0AB2E7A-919D-49E0-A08C-BB1DBF9CD926}.Release|x86.Build.0 = Release|Win32
		{2F70474E-D227-47B3-AD88-FC74C6252D0B}.Debug|ARM64.ActiveCfg = Debug|ARM64
		{2F70474E-D227-47B3-AD88-FC74C6252D0B}.Debug|ARM64.Build.0 = Debug|ARM64
		{2F70474E-D227-47B3-AD88-FC74C6252D0B}.Debug|x64.ActiveCfg = Debug|x64
		{2F70474E-D227-47B3-AD88-FC74C6252D0B}.Debug|x64.Build.0 = Debug|x64
		{2F70474E-D227-47B3-AD88-FC74C6252D0B}.Debug|x86.ActiveCfg = Debug|Win32
		{2F70474E-D227-47B3-AD88-FC74C6252D0B}.Debug|x86.Build.0 = Debug|Win32
		{2F70474E-D227-47B3-AD88-FC74C6252D0B}.Release|ARM64.ActiveCfg = Release|ARM64
		{2F70474E-D227-47B3-AD88-FC74C6252D0B}.Release|ARM64.Build.0 = Release|ARM64
		{2F70474E-D227-47B3-AD88-FC74C6252D0B}.Release|x64.ActiveCfg = Release|x64
		{2F70474E-D227-47B3-AD88-FC74C6252D0B}.Release|x64.Build.0 = Release|x64
		{2F70474E-D227-47B3-AD88-FC74C6252D0B}.Release|x86.ActiveCfg = Release|Win32
		{2F70474E-D227-47B3-AD88-FC74C6252D0B}.Release|x86.Build.0 = Release|Win32
		{FE689FBF-285F-4A50-9076-9014292C8E79}.Debug|ARM64.ActiveCfg = Debug|ARM64
		{FE689FBF-285F-4A50-9076-9014292C8E79}.Debug|ARM64.Build.0 = Debug|ARM64
		{FE689FBF-285F-4A50-9076-9014292C8E79}.Debug|x64.ActiveCfg = Debug|x64
		{FE689FBF-285F-4A50-9076-9014292C8E79}.Debug|x64.Build.0 = Debug|x64
		{FE689FBF-285F-4A50-9076-9014292C8E79}.Debug|x86.ActiveCfg = Debug|Win32
		{FE689FBF-285F-4A50-9076-9014292C8E79}.Debug|x86.Build.0 = Debug|Win32
		{FE689FBF-285F-4A50-9076-9014292C8E79}.Release|ARM64.ActiveCfg = Release|ARM64
		{FE689FBF-285F-4A50-9076-9014292C8E79}.Release|ARM64.Build.0 = Release|ARM64
		{FE689FBF-285F-4A50-9076-9014292C8E79}.Release|x64.ActiveCfg = Release|x64
		{FE689FBF-285F-4A50-9076-9014292C8E79}.Release|x64.Build.0 = Release|x64
		{FE689FBF-285F-4A50-9076-9014292C8E79}.Release|x86.ActiveCfg = Release|Win32
		{FE689FBF-285F-4A50-9076-9014292C8E79}.Release|x86.Build.0 = Release|Win32
		{6C7ADFC6-DD92-47BA-B304-EC4DDCB6D8F1}.Debug|ARM64.ActiveCfg = Debug|ARM64
		{6C7ADFC6-DD92-47BA-B304-EC4DDCB6D8F1}.Debug|ARM64.Build.0 = Debug|ARM64
		{6C7ADFC6-DD92-47BA-B304-EC4DDCB6D8F1}.Debug|x64.ActiveCfg = Debug|x64
		{6C7ADFC6-DD92-47BA-B304-EC4DDCB6D8F1}.Debug|x64.Build.0 = Debug|x64
		{6C7ADFC6-DD92-47BA-B304-EC4DDCB6D8F1}.Debug|x86.ActiveCfg = Debug|Win32
		{6C7ADFC6-DD92-47BA-B304-EC4DDCB6D8F1}.Debug|x86.Build.0 = Debug|Win32
		{6C7ADFC6-DD92-47BA-B304-EC4DDCB6D8F1}.Release|ARM64.ActiveCfg = Release|ARM64
		{6C7ADFC6-DD92-47BA-B304-EC4DDCB6D8F1}.Release|ARM64.Build.0 = Release|ARM64
		{6C7ADFC6-DD92-47BA-B304-EC4DDCB6D8F1}.Release|x64.ActiveCfg = Release|x64
		{6C7ADFC6-DD92-47BA-B304-EC4DDCB6D8F1}.Release|x64.Build.0 = Release|x64
		{6C7ADFC6-DD92-47BA-B304-EC4DDCB6D8F1}.Release|x86.ActiveCfg = Release|Win32
		{6C7ADFC6-DD92-47BA-B304-EC4DDCB6D8F1}.Release|x86.Build.0 = Release|Win32
		{C49CB1A7-6AC7-4EFD-9F87-6D3E1FF430AE}.Debug|ARM64.ActiveCfg = Debug|ARM64
		{C49CB1A7-6AC7-4EFD-9F87-6D3E1FF430AE}.Debug|ARM64.Build.0 = Debug|ARM64
		{C49CB1A7-6AC7-4EFD-9F87-6D3E1FF430AE}.Debug|x64.ActiveCfg = Debug|x64
		{C49CB1A7-6AC7-4EFD-9F87-6D3E1FF430AE}.Debug|x64.Build.0 = Debug|x64
		{C49CB1A7-6AC7-4EFD-9F87-6D3E1FF430AE}.Debug|x86.ActiveCfg = Debug|Win32
		{C49CB1A7-6AC7-4EFD-9F87-6D3E1FF430AE}.Debug|x86.Build.0 = Debug|Win32
		{C49CB1A7-6AC7-4EFD-9F87-6D3E1FF430AE}.Release|ARM64.ActiveCfg = Release|ARM64
		{C49CB1A7-6AC7-4EFD-9F87-6D3E1FF430AE}.Release|ARM64.Build.0 = Release|ARM64
		{C49CB1A7-6AC7-4EFD-9F87-6D3E1FF430AE}.Release|x64.ActiveCfg = Release|x64
		{C49CB1A7-6AC7-4EFD-9F87-6D3E1FF430AE}.Release|x64.Build.0 = Release|x64
		{C49CB1A7-6AC7-4EFD-9F87-6D3E1FF430AE}.Release|x86.ActiveCfg = Release|Win32
		{C49CB1A7-6AC7-4EFD-9F87-6D3E1FF430AE}.Release|x86.Build.0 = Release|Win32
		{3EE4A41A-DEAD-4115-A614-5DC256DA3A7E}.Debug|ARM64.ActiveCfg = Debug|ARM64
		{3EE4A41A-DEAD-4115-A614-5DC256DA3A7E}.Debug|ARM64.Build.0 = Debug|ARM64
		{3EE4A41A-DEAD-4115-A614-5DC256DA3A7E}.Debug|x64.ActiveCfg = Debug|x64
		{3EE4A41A-DEAD-4115-A614-5DC256DA3A7E}.Debug|x64.Build.0 = Debug|x64
		{3EE4A41A-DEAD-4115-A614-5DC256DA3A7E}.Debug|x86.ActiveCfg = Debug|Win32
		{3EE4A41A-DEAD-4115-A614-5DC256DA3A7E}.Debug|x86.Build.0 = Debug|Win32
		{3EE4A41A-DEAD-4115-A614-5DC256DA3A7E}.Release|ARM64.ActiveCfg = Release|ARM64
		{3EE4A41A-DEAD-4115-A614-5DC256DA3A7E}.Release|ARM64.Build.0 = Release|ARM64
		{3EE4A41A-DEAD-4115-A614-5DC256DA3A7E}.Release|x64.ActiveCfg = Release|x64
		{3EE4A41A-DEAD-4115-A614-5DC256DA3A7E}.Release|x64.Build.0 = Release|x64
		{3EE4A41A-DEAD-4115-A614-5DC256DA3A7E}.Release|x86.ActiveCfg = Release|Win32
		{3EE4A41A-DEAD-4115-A614-5DC256DA3A7E}.Release|x86.Build.0 = Release|Win32
		{F7DB29EA-C822-445C-8366-AD282855C6D5}.Debug|ARM64.ActiveCfg = Debug|ARM64
		{F7DB29EA-C822-445C-8366-AD282855C6D5}.Debug|ARM64.Build.0 = Debug|ARM64
		{F7DB29EA-C822-445C-8366-AD282855C6D5}.Debug|x64.ActiveCfg = Debug|x64
		{F7DB29EA-C822-445C-8366-AD282855C6D5}.Debug|x64.Build.0 = Debug|x64
		{F7DB29EA-C822-445C-8366-AD282855C6D5}.Debug|x86.ActiveCfg = Debug|Win32
		{F7DB29EA-C822-445C-8366-AD282855C6D5}.Debug|x86.Build.0 = Debug|Win32
		{F7DB29EA-C822-445C-8366-AD282855C6D5}.Release|ARM64.ActiveCfg = Release|ARM64
		{F7DB29EA-C822-445C-8366-AD282855C6D5}.Release|ARM64.Build.0 = Release|ARM64
		{F7DB29EA-C822-445C-8366-AD282855C6D5}.Release|x64.ActiveCfg = Release|x64
		{F7DB29EA-C822-445C-8366-AD282855C6D5}.Release|x64.Build.0 = Release|x64
		{F7DB29EA-C822-445C-8366-AD282855C6D5}.Release|x86.ActiveCfg = Release|Win32
		{F7DB29EA-C822-445C-8366-AD282855C6D5}.Release|x86.Build.0 = Release|Win32
		{260D2234-402A-4AA0-9D4B-022CE53D9F9B}.Debug|ARM64.ActiveCfg = Debug|ARM64
		{260D2234-402A-4AA0-9D4B-022CE53D9F9B}.Debug|ARM64.Build.0 = Debug|ARM64
		{260D2234-402A-4AA0-9D4B-022CE53D9F9B}.Debug|x64.ActiveCfg = Debug|x64
		{260D2234-402A-4AA0-9D4B-022CE53D9F9B}.Debug|x64.Build.0 = Debug|x64
		{260D2234-402A-4AA0-9D4B-022CE53D9F9B}.Debug|x86.ActiveCfg = Debug|Win32
		{260D2234-402A-4AA0-9D4B-022CE53D9F9B}.Debug|x86.Build.0 = Debug|Win32
		{260D2234-402A-4AA0-9D4B-022CE53D9F9B}.Release|ARM64.ActiveCfg = Release|ARM64
		{260D2234-402A-4AA0-9D4B-022CE53D9F9B}.Release|ARM64.Build.0 = Release|ARM64
		{260D2234-402A-4AA0-9D4B-022CE53D9F9B}.Release|x64.ActiveCfg = Release|x64
		{260D2234-402A-4AA0-9D4B-022CE53D9F9B}.Release|x64.Build.0 = Release|x64
		{260D2234-402A-4AA0-9D4B-022CE53D9F9B}.Release|x86.ActiveCfg = Release|Win32
		{260D2234-402A-4AA0-9D4B-022CE53D9F9B}.Release|x86.Build.0 = Release|Win32
		{E8E02296-591C-4ADE-81C7-7A0C3583D265}.Debug|ARM64.ActiveCfg = Debug|ARM64
		{E8E02296-591C-4ADE-81C7-7A0C3583D265}.Debug|ARM64.Build.0 = Debug|ARM64
		{E8E02296-591C-4ADE-81C7-7A0C3583D265}.Debug|x64.ActiveCfg = Debug|x64
		{E8E02296-591C-4ADE-81C7-7A0C3583D265}.Debug|x64.Build.0 = Debug|x64
		{E8E02296-591C-4ADE-81C7-7A0C3583D265}.Debug|x86.ActiveCfg = Debug|Win32
		{E8E02296-591C-4ADE-81C7-7A0C3583D265}.Debug|x86.Build.0 = Debug|Win32
		{E8E02296-591C-4ADE-81C7-7A0C3583D265}.Release|ARM64.ActiveCfg = Release|ARM64
		{E8E02296-591C-4ADE-81C7-7A0C3583D265}.Release|ARM64.Build.0 = Release|ARM64
		{E8E02296-591C-4ADE-81C7-7A0C3583D265}.Release|x64.ActiveCfg = Release|x64
		{E8E02296-591C-4ADE-81C7-7A0C3583D265}.Release|x64.Build.0 = Release|x64
		{E8E02296-591C-4ADE-81C7-7A0C3583D265}.Release|x86.ActiveCfg = Release|Win32
		{E8E02296-591C-4ADE-81C7-7A0C3583D265}.Release|x86.Build.0 = Release|Win32
		{F5C9924A-7DA4-4E3F-9426-8B1E81AA7FA1}.Debug|ARM64.ActiveCfg = Debug|ARM64
		{F5C9924A-7DA4-4E3F-9426-8B1E81AA7FA1}.Debug|ARM64.Build.0 = Debug|ARM64
		{F5C9924A-7DA4-4E3F-9426-8B1E81AA7FA1}.Debug|x64.ActiveCfg = Debug|x64
		{F5C9924A-7DA4-4E3F-9426-8B1E81AA7FA1}.Debug|x64.Build.0 = Debug|x64
		{F5C9924A-7DA4-4E3F-9426-8B1E81AA7FA1}.Debug|x86.ActiveCfg = Debug|Win32
		{F5C9924A-7DA4-4E3F-9426-8B1E81AA7FA1}.Debug|x86.Build.0 = Debug|Win32
		{F5C9924A-7DA4-4E3F-9426-8B1E81AA7FA1}.Release|ARM64.ActiveCfg = Release|ARM64
		{F5C9924A-7DA4-4E3F-9426-8B1E81AA7FA1}.Release|ARM64.Build.0 = Release|ARM64
		{F5C9924A-7DA4-4E3F-9426-8B1E81AA7FA1}.Release|x64.ActiveCfg = Release|x64
		{F5C9924A-7DA4-4E3F-9426-8B1E81AA7FA1}.Release|x64.Build.0 = Release|x64
		{F5C9924A-7DA4-4E3F-9426-8B1E81AA7FA1}.Release|x86.ActiveCfg = Release|Win32
		{F5C9924A-7DA4-4E3F-9426-8B1E81AA7FA1}.Release|x86.Build.0 = Release|Win32
		{F97F28B6-4BE8-4509-AF47-2F8B85B755CE}.Debug|ARM64.ActiveCfg = Debug|ARM64
		{F97F28B6-4BE8-4509-AF47-2F8B85B755CE}.Debug|ARM64.Build.0 = Debug|ARM64
		{F97F28B6-4BE8-4509-AF47-2F8B85B755CE}.Debug|x64.ActiveCfg = Debug|x64
		{F97F28B6-4BE8-4509-AF47-2F8B85B755CE}.Debug|x64.Build.0 = Debug|x64
		{F97F28B6-4BE8-4509-AF47-2F8B85B755CE}.Debug|x86.ActiveCfg = Debug|Win32
		{F97F28B6-4BE8-4509-AF47-2F8B85B755CE}.Debug|x86.Build.0 = Debug|Win32
		{F97F28B6-4BE8-4509-AF47-2F8B85B755CE}.Release|ARM64.ActiveCfg = Release|ARM64
		{F97F28B6-4BE8-4509-AF47-2F8B85B755CE}.Release|ARM64.Build.0 = Release|ARM64
		{F97F28B6-4BE8-4509-AF47-2F8B85B755CE}.Release|x64.ActiveCfg = Release|x64
		{F97F28B6-4BE8-4509-AF47-2F8B85B755CE}.Release|x64.Build.0 = Release|x64
		{F97F28B6-4BE8-4509-AF47-2F8B85B755CE}.Release|x86.ActiveCfg = Release|Win32
		{F97F28B6-4BE8-4509-AF47-2F8B85B755CE}.Release|x86.Build.0 = Release|Win32
		{948D7FBE-A1CB-4562-B23C-98195AC28463}.Debug|ARM64.ActiveCfg = Debug|ARM64
		{948D7FBE-A1CB-4562-B23C-98195AC28463}.Debug|ARM64.Build.0 = Debug|ARM64
		{948D7FBE-A1CB-4562-B23C-98195AC28463}.Debug|x64.ActiveCfg = Debug|x64
		{948D7FBE-A1CB-4562-B23C-98195AC28463}.Debug|x64.Build.0 = Debug|x64
		{948D7FBE-A1CB-4562-B23C-98195AC28463}.Debug|x86.ActiveCfg = Debug|Win32
		{948D7FBE-A1CB-4562-B23C-98195AC28463}.Debug|x86.Build.0 = Debug|Win32
		{948D7FBE-A1CB-4562-B23C-98195AC28463}.Release|ARM64.ActiveCfg = Release|ARM64
		{948D7FBE-A1CB-4562-B23C-98195AC28463}.Release|ARM64.Build.0 = Release|ARM64
		{948D7FBE-A1CB-4562-B23C-98195AC28463}.Release|x64.ActiveCfg = Release|x64
		{948D7FBE-A1CB-4562-B23C-98195AC28463}.Release|x64.Build.0 = Release|x64
		{948D7FBE-A1CB-4562-B23C-98195AC28463}.Release|x86.ActiveCfg = Release|Win32
		{948D7FBE-A1CB-4562-B23C-98195AC28463}.Release|x86.Build.0 = Release|Win32
		{CFA41C9D-11DE-4755-A14B-38657ECF46A4}.Debug|ARM64.ActiveCfg = Debug|ARM64
		{CFA41C9D-11DE-4755-A14B-38657ECF46A4}.Debug|ARM64.Build.0 = Debug|ARM64
		{CFA41C9D-11DE-4755-A14B-38657ECF46A4}.Debug|x64.ActiveCfg = Debug|x64
		{CFA41C9D-11DE-4755-A14B-38657ECF46A4}.Debug|x64.Build.0 = Debug|x64
		{CFA41C9D-11DE-4755-A14B-38657ECF46A4}.Debug|x86.ActiveCfg = Debug|Win32
		{CFA41C9D-11DE-4755-A14B-38657ECF46A4}.Debug|x86.Build.0 = Debug|Win32
		{CFA41C9D-11DE-4755-A14B-38657ECF46A4}.Release|ARM64.ActiveCfg = Release|ARM64
		{CFA41C9D-11DE-4755-A14B-38657ECF46A4}.Release|ARM64.Build.0 = Release|ARM64
		{CFA41C9D-11DE-4755-A14B-38657ECF46A4}.Release|x64.ActiveCfg = Release|x64
		{CFA41C9D-11DE-4755-A14B-38657ECF46A4}.Release|x64.Build.0 = Release|x64
		{CFA41C9D-11DE-4755-A14B-38657ECF46A4}.Release|x86.ActiveCfg = Release|Win32
		{CFA41C9D-11DE-4755-A14B-38657ECF46A4}.Release|x86.Build.0 = Release|Win32
		{16539613-EE67-4711-B800-CBEA429C49C0}.Debug|ARM64.ActiveCfg = Debug|ARM64
		{16539613-EE67-4711-B800-CBEA429C49C0}.Debug|ARM64.Build.0 = Debug|ARM64
		{16539613-EE67-4711-B800-CBEA429C49C0}.Debug|x64.ActiveCfg = Debug|x64
		{16539613-EE67-4711-B800-CBEA429C49C0}.Debug|x64.Build.0 = Debug|x64
		{16539613-EE67-4711-B800-CBEA429C49C0}.Debug|x86.ActiveCfg = Debug|Win32
		{16539613-EE67-4711-B800-CBEA429C49C0}.Debug|x86.Build.0 = Debug|Win32
		{16539613-EE67-4711-B800-CBEA429C49C0}.Release|ARM64.ActiveCfg = Release|ARM64
		{16539613-EE67-4711-B800-CBEA429C49C0}.Release|ARM64.Build.0 = Release|ARM64
		{16539613-EE67-4711-B800-CBEA429C49C0}.Release|x64.ActiveCfg = Release|x64
		{16539613-EE67-4711-B800-CBEA429C49C0}.Release|x64.Build.0 = Release|x64
		{16539613-EE67-4711-B800-CBEA429C49C0}.Release|x86.ActiveCfg = Release|Win32
		{16539613-EE67-4711-B800-CBEA429C49C0}.Release|x86.Build.0 = Release|Win32
		{75D750F8-CADA-44F3-B975-96E0F6E185CA}.Debug|ARM64.ActiveCfg = Debug|ARM64
		{75D750F8-CADA-44F3-B975-96E0F6E185CA}.Debug|ARM64.Build.0 = Debug|ARM64
		{75D750F8-CADA-44F3-B975-96E0F6E185CA}.Debug|x64.ActiveCfg = Debug|x64
		{75D750F8-CADA-44F3-B975-96E0F6E185CA}.Debug|x64.Build.0 = Debug|x64
		{75D750F8-CADA-44F3-B975-96E0F6E185CA}.Debug|x86.ActiveCfg = Debug|Win32
		{75D750F8-CADA-44F3-B975-96E0F6E185CA}.Debug|x86.Build.0 = Debug|Win32
		{75D750F8-CADA-44F3-B975-96E0F6E185CA}.Release|ARM64.ActiveCfg = Release|ARM64
		{75D750F8-CADA-44F3-B975-96E0F6E185CA}.Release|ARM64.Build.0 = Release|ARM64
		{75D750F8-CADA-44F3-B975-96E0F6E185CA}.Release|x64.ActiveCfg = Release|x64
		{75D750F8-CADA-44F3-B975-96E0F6E185CA}.Release|x64.Build.0 = Release|x64
		{75D750F8-CADA-44F3-B975-96E0F6E185CA}.Release|x86.ActiveCfg = Release|Win32
		{75D750F8-CADA-44F3-B975-96E0F6E185CA}.Release|x86.Build.0 = Release|Win32
		{BA711C3D-2BA1-4419-9909-EC9D8D9B852C}.Debug|ARM64.ActiveCfg = Debug|ARM64
		{BA711C3D-2BA1-4419-9909-EC9D8D9B852C}.Debug|ARM64.Build.0 = Debug|ARM64
		{BA711C3D-2BA1-4419-9909-EC9D8D9B852C}.Debug|x64.ActiveCfg = Debug|x64
		{BA711C3D-2BA1-4419-9909-EC9D8D9B852C}.Debug|x64.Build.0 = Debug|x64
		{BA711C3D-2BA1-4419-9909-EC9D8D9B852C}.Debug|x86.ActiveCfg = Debug|Win32
		{BA711C3D-2BA1-4419-9909-EC9D8D9B852C}.Debug|x86.Build.0 = Debug|Win32
		{BA711C3D-2BA1-4419-9909-EC9D8D9B852C}.Release|ARM64.ActiveCfg = Release|ARM64
		{BA711C3D-2BA1-4419-9909-EC9D8D9B852C}.Release|ARM64.Build.0 = Release|ARM64
		{BA711C3D-2BA1-4419-9909-EC9D8D9B852C}.Release|x64.ActiveCfg = Release|x64
		{BA711C3D-2BA1-4419-9909-EC9D8D9B852C}.Release|x64.Build.0 = Release|x64
		{BA711C3D-2BA1-4419-9909-EC9D8D9B852C}.Release|x86.ActiveCfg = Release|Win32
		{BA711C3D-2BA1-4419-9909-EC9D8D9B852C}.Release|x86.Build.0 = Release|Win32
		{A91BD7C2-9234-4330-8E95-C333A7D78555}.Debug|ARM64.ActiveCfg = Debug|ARM64
		{A91BD7C2-9234-4330-8E95-C333A7D78555}.Debug|ARM64.Build.0 = Debug|ARM64
		{A91BD7C2-9234-4330-8E95-C333A7D78555}.Debug|x64.ActiveCfg = Debug|x64
		{A91BD7C2-9234-4330-8E95-C333A7D78555}.Debug|x64.Build.0 = Debug|x64
		{A91BD7C2-9234-4330-8E95-C333A7D78555}.Debug|x86.ActiveCfg = Debug|Win32
		{A91BD7C2-9234-4330-8E95-C333A7D78555}.Debug|x86.Build.0 = Debug|Win32
		{A91BD7C2-9234-4330-8E95-C333A7D78555}.Release|ARM64.ActiveCfg = Release|ARM64
		{A91BD7C2-9234-4330-8E95-C333A7D78555}.Release|ARM64.Build.0 = Release|ARM64
		{A91BD7C2-9234-4330-8E95-C333A7D78555}.Release|x64.ActiveCfg = Release|x64
		{A91BD7C2-9234-4330-8E95-C333A7D78555}.Release|x64.Build.0 = Release|x64
		{A91BD7C2-9234-4330-8E95-C333A7D78555}.Release|x86.ActiveCfg = Release|Win32
		{A91BD7C2-9234-4330-8E95-C333A7D78555}.Release|x86.Build.0 = Release|Win32
		{AB6287E6-9C94-428D-8A08-76E8E0C326F8}.Debug|ARM64.ActiveCfg = Debug|ARM64
		{AB6287E6-9C94-428D-8A08-76E8E0C326F8}.Debug|ARM64.Build.0 = Debug|ARM64
		{AB6287E6-9C94-428D-8A08-76E8E0C326F8}.Debug|x64.ActiveCfg = Debug|x64
		{AB6287E6-9C94-428D-8A08-76E8E0C326F8}.Debug|x64.Build.0 = Debug|x64
		{AB6287E6-9C94-428D-8A08-76E8E0C326F8}.Debug|x86.ActiveCfg = Debug|Win32
		{AB6287E6-9C94-428D-8A08-76E8E0C326F8}.Debug|x86.Build.0 = Debug|Win32
		{AB6287E6-9C94-428D-8A08-76E8E0C326F8}.Release|ARM64.ActiveCfg = Release|ARM64
		{AB6287E6-9C94-428D-8A08-76E8E0C326F8}.Release|ARM64.Build.0 = Release|ARM64
		{AB6287E6-9C94-428D-8A08-76E8E0C326F8}.Release|x64.ActiveCfg = Release|x64
		{AB6287E6-9C94-428D-8A08-76E8E0C326F8}.Release|x64.Build.0 = Release|x64
		{AB6287E6-9C94-428D-8A08-76E8E0C326F8}.Release|x86.ActiveCfg = Release|Win32
		{AB6287E6-9C94-428D-8A08-76E8E0C326F8}.Release|x86.Build.0 = Release|Win32
		{92DC130E-D51D-4CFB-84F6-1FA6940E3B19}.Debug|ARM64.ActiveCfg = Debug|ARM64
		{92DC130E-D51D-4CFB-84F6-1FA6940E3B19}.Debug|ARM64.Build.0 = Debug|ARM64
		{92DC130E-D51D-4CFB-84F6-1FA6940E3B19}.Debug|x64.ActiveCfg = Debug|x64
		{92DC130E-D51D-4CFB-84F6-1FA6940E3B19}.Debug|x64.Build.0 = Debug|x64
		{92DC130E-D51D-4CFB-84F6-1FA6940E3B19}.Debug|x86.ActiveCfg = Debug|Win32
		{92DC130E-D51D-4CFB-84F6-1FA6940E3B19}.Debug|x86.Build.0 = Debug|Win32
		{92DC130E-D51D-4CFB-84F6-1FA6940E3B19}.Release|ARM64.ActiveCfg = Release|ARM64
		{92DC130E-D51D-4CFB-84F6-1FA6940E3B19}.Release|ARM64.Build.0 = Release|ARM64
		{92DC130E-D51D-4CFB-84F6-1FA6940E3B19}.Release|x64.ActiveCfg = Release|x64
		{92DC130E-D51D-4CFB-84F6-1FA6940E3B19}.Release|x64.Build.0 = Release|x64
		{92DC130E-D51D-4CFB-84F6-1FA6940E3B19}.Release|x86.ActiveCfg = Release|Win32
		{92DC130E-D51D-4CFB-84F6-1FA6940E3B19}.Release|x86.Build.0 = Release|Win32
		{8A0C8A5B-C494-456F-8F7C-A8A2E6DD4654}.Debug|ARM64.ActiveCfg = Debug|ARM64
		{8A0C8A5B-C494-456F-8F7C-A8A2E6DD4654}.Debug|ARM64.Build.0 = Debug|ARM64
		{8A0C8A5B-C494-456F-8F7C-A8A2E6DD4654}.Debug|x64.ActiveCfg = Debug|x64
		{8A0C8A5B-C494-456F-8F7C-A8A2E6DD4654}.Debug|x64.Build.0 = Debug|x64
		{8A0C8A5B-C494-456F-8F7C-A8A2E6DD4654}.Debug|x86.ActiveCfg = Debug|Win32
		{8A0C8A5B-C494-456F-8F7C-A8A2E6DD4654}.Debug|x86.Build.0 = Debug|Win32
		{8A0C8A5B-C494-456F-8F7C-A8A2E6DD4654}.Release|ARM64.ActiveCfg = Release|ARM64
		{8A0C8A5B-C494-456F-8F7C-A8A2E6DD4654}.Release|ARM64.Build.0 = Release|ARM64
		{8A0C8A5B-C494-456F-8F7C-A8A2E6DD4654}.Release|x64.ActiveCfg = Release|x64
		{8A0C8A5B-C494-456F-8F7C-A8A2E6DD4654}.Release|x64.Build.0 = Release|x64
		{8A0C8A5B-C494-456F-8F7C-A8A2E6DD4654}.Release|x86.ActiveCfg = Release|Win32
		{8A0C8A5B-C494-456F-8F7C-A8A2E6DD4654}.Release|x86.Build.0 = Release|Win32
		{020D8637-D967-4503-AF94-3D6340BA81C5}.Debug|ARM64.ActiveCfg = Debug|x64
		{020D8637-D967-4503-AF94-3D6340BA81C5}.Debug|ARM64.Build.0 = Debug|x64
		{020D8637-D967-4503-AF94-3D6340BA81C5}.Debug|x64.ActiveCfg = Debug|x64
		{020D8637-D967-4503-AF94-3D6340BA81C5}.Debug|x64.Build.0 = Debug|x64
		{020D8637-D967-4503-AF94-3D6340BA81C5}.Debug|x86.ActiveCfg = Debug|Win32
		{020D8637-D967-4503-AF94-3D6340BA81C5}.Debug|x86.Build.0 = Debug|Win32
		{020D8637-D967-4503-AF94-3D6340BA81C5}.Release|ARM64.ActiveCfg = Release|x64
		{020D8637-D967-4503-AF94-3D6340BA81C5}.Release|ARM64.Build.0 = Release|x64
		{020D8637-D967-4503-AF94-3D6340BA81C5}.Release|x64.ActiveCfg = Release|x64
		{020D8637-D967-4503-AF94-3D6340BA81C5}.Release|x64.Build.0 = Release|x64
		{020D8637-D967-4503-AF94-3D6340BA81C5}.Release|x86.ActiveCfg = Release|Win32
		{020D8637-D967-4503-AF94-3D6340BA81C5}.Release|x86.Build.0 = Release|Win32
	EndGlobalSection
	GlobalSection(SolutionProperties) = preSolution
		HideSolutionNode = FALSE
	EndGlobalSection
	GlobalSection(ExtensibilityGlobals) = postSolution
		SolutionGuid = {823EB03B-BC98-453E-8FC1-45278BB115BB}
	EndGlobalSection
EndGlobal
